
Microsoft Visual Studio Solution File, Format Version 11.00
# Visual C# Express 2010
Project("{FAE04EC0-301F-11D3-BF4B-00C04F79EFBC}") = "Hsv20160620", "Hsv20160620\Hsv20160620.csproj", "{98B50C55-F382-4802-A452-1D1321B7FADD}"
EndProject
Project("{FAE04EC0-301F-11D3-BF4B-00C04F79EFBC}") = "Hsv20160620Test", "Hsv20160620Test\Hsv20160620Test.csproj", "{ACB761A1-4636-47AF-8882-569762635340}"
EndProject
Global
	GlobalSection(SolutionConfigurationPlatforms) = preSolution
		Debug|Any CPU = Debug|Any CPU
		Debug|Mixed Platforms = Debug|Mixed Platforms
		Debug|x86 = Debug|x86
		Release|Any CPU = Release|Any CPU
		Release|Mixed Platforms = Release|Mixed Platforms
		Release|x86 = Release|x86
	EndGlobalSection
	GlobalSection(ProjectConfigurationPlatforms) = postSolution
		{98B50C55-F382-4802-A452-1D1321B7FADD}.Debug|Any CPU.ActiveCfg = Debug|Any CPU
		{98B50C55-F382-4802-A452-1D1321B7FADD}.Debug|Any CPU.Build.0 = Debug|Any CPU
		{98B50C55-F382-4802-A452-1D1321B7FADD}.Debug|Mixed Platforms.ActiveCfg = Debug|Any CPU
		{98B50C55-F382-4802-A452-1D1321B7FADD}.Debug|Mixed Platforms.Build.0 = Debug|Any CPU
		{98B50C55-F382-4802-A452-1D1321B7FADD}.Debug|x86.ActiveCfg = Debug|Any CPU
		{98B50C55-F382-4802-A452-1D1321B7FADD}.Release|Any CPU.ActiveCfg = Release|Any CPU
		{98B50C55-F382-4802-A452-1D1321B7FADD}.Release|Any CPU.Build.0 = Release|Any CPU
		{98B50C55-F382-4802-A452-1D1321B7FADD}.Release|Mixed Platforms.ActiveCfg = Release|Any CPU
		{98B50C55-F382-4802-A452-1D1321B7FADD}.Release|Mixed Platforms.Build.0 = Release|Any CPU
		{98B50C55-F382-4802-A452-1D1321B7FADD}.Release|x86.ActiveCfg = Release|Any CPU
		{ACB761A1-4636-47AF-8882-569762635340}.Debug|Any CPU.ActiveCfg = Debug|x86
		{ACB761A1-4636-47AF-8882-569762635340}.Debug|Mixed Platforms.ActiveCfg = Debug|x86
		{ACB761A1-4636-47AF-8882-569762635340}.Debug|Mixed Platforms.Build.0 = Debug|x86
		{ACB761A1-4636-47AF-8882-569762635340}.Debug|x86.ActiveCfg = Debug|x86
		{ACB761A1-4636-47AF-8882-569762635340}.Debug|x86.Build.0 = Debug|x86
		{ACB761A1-4636-47AF-8882-569762635340}.Release|Any CPU.ActiveCfg = Release|x86
		{ACB761A1-4636-47AF-8882-569762635340}.Release|Mixed Platforms.ActiveCfg = Release|x86
		{ACB761A1-4636-47AF-8882-569762635340}.Release|Mixed Platforms.Build.0 = Release|x86
		{ACB761A1-4636-47AF-8882-569762635340}.Release|x86.ActiveCfg = Release|x86
		{ACB761A1-4636-47AF-8882-569762635340}.Release|x86.Build.0 = Release|x86
	EndGlobalSection
	GlobalSection(SolutionProperties) = preSolution
		HideSolutionNode = FALSE
	EndGlobalSection
EndGlobal
